
Microsoft Visual Studio Solution File, Format Version 12.00
# Visual Studio Version 17
VisualStudioVersion = 17.0.31903.59
MinimumVisualStudioVersion = 10.0.40219.1
Project("{9A19103F-16F7-4668-BE54-9A1E7A4F7556}") = "ElginM10MauiBlazor", "ElginM10MauiBlazor\ElginM10MauiBlazor.csproj", "{D3C7A7BD-24F7-4D18-906E-0FFD2E161E48}"
EndProject
Project("{2150E333-8FDC-42A3-9474-1A3956D46DE8}") = "Solution Files", "Solution Files", "{8542DCBC-24F1-4ACE-807A-9886E5C9E70C}"
	ProjectSection(SolutionItems) = preProject
		.gitignore = .gitignore
	EndProjectSection
EndProject
Project("{2150E333-8FDC-42A3-9474-1A3956D46DE8}") = "01 - Aplicação", "01 - Aplicação", "{24C5B950-910C-430B-B996-6FD7351CFD6A}"
EndProject
Project("{2150E333-8FDC-42A3-9474-1A3956D46DE8}") = "03 - Bibliotecas AAR (android)", "03 - Bibliotecas AAR (android)", "{38004CBB-8AAC-45F5-BCFB-C3A0717D3C9B}"
EndProject
Project("{2150E333-8FDC-42A3-9474-1A3956D46DE8}") = "e1_v02.16.00", "e1_v02.16.00", "{ABA2C0A7-0817-4D64-89DA-15C6B184FFF9}"
	ProjectSection(SolutionItems) = preProject
		Bibliotecas.aar\e1_v02.16.00\cloudpossdk-s-1.0.2.aar = Bibliotecas.aar\e1_v02.16.00\cloudpossdk-s-1.0.2.aar
		Bibliotecas.aar\e1_v02.16.00\e1-V02.16.00-release.aar = Bibliotecas.aar\e1_v02.16.00\e1-V02.16.00-release.aar
		Bibliotecas.aar\e1_v02.16.00\InterfaceAutomacao-v2.0.0.12.aar = Bibliotecas.aar\e1_v02.16.00\InterfaceAutomacao-v2.0.0.12.aar
		Bibliotecas.aar\e1_v02.16.00\minipdvm8-v01.00.00-release.aar = Bibliotecas.aar\e1_v02.16.00\minipdvm8-v01.00.00-release.aar
		Bibliotecas.aar\e1_v02.16.00\satelgin-8.1.1-release.aar = Bibliotecas.aar\e1_v02.16.00\satelgin-8.1.1-release.aar
		Bibliotecas.aar\e1_v02.16.00\scanner-v1.1-release.aar = Bibliotecas.aar\e1_v02.16.00\scanner-v1.1-release.aar
	EndProjectSection
EndProject
Project("{2150E333-8FDC-42A3-9474-1A3956D46DE8}") = "02 - Bindings AAR (android)", "02 - Bindings AAR (android)", "{455679FA-C697-41A2-AC0C-1A1C325DC8F4}"
EndProject
Project("{9A19103F-16F7-4668-BE54-9A1E7A4F7556}") = "E1", "Bindings.aar\E1\E1.csproj", "{1A62D071-39DA-4E37-9E7D-404A5E41503B}"
EndProject
Project("{9A19103F-16F7-4668-BE54-9A1E7A4F7556}") = "InterfaceAutomacao", "Bindings.aar\InterfaceAutomacao\InterfaceAutomacao.csproj", "{A4625F03-C1BE-439F-AF64-F332B75BD670}"
EndProject
Project("{9A19103F-16F7-4668-BE54-9A1E7A4F7556}") = "MiniPdvM8", "Bindings.aar\MiniPdvM8\MiniPdvM8.csproj", "{3529E474-D743-46AF-A1F3-123E58CC0D59}"
EndProject
Project("{9A19103F-16F7-4668-BE54-9A1E7A4F7556}") = "Scanner", "Bindings.aar\Scanner\Scanner.csproj", "{9B65FAF6-9BB7-4E3D-B6CB-DB78639627CC}"
EndProject
Project("{9A19103F-16F7-4668-BE54-9A1E7A4F7556}") = "SatElgin", "Bindings.aar\SatElgin\SatElgin.csproj", "{532FD95D-E818-4A86-8265-F060036A940E}"
EndProject
Project("{9A19103F-16F7-4668-BE54-9A1E7A4F7556}") = "CloudPosSdk", "Bindings.aar\CloudPosSdk\CloudPosSdk.csproj", "{65DC0C25-BBE1-4901-951D-A8C14692F7FE}"
EndProject
Project("{2150E333-8FDC-42A3-9474-1A3956D46DE8}") = "04 - Bibliotecas DLL (windows)", "04 - Bibliotecas DLL (windows)", "{124075FF-71C9-4C56-93CD-602A1A3151B2}"
EndProject
Project("{2150E333-8FDC-42A3-9474-1A3956D46DE8}") = "E1_Bridge_v01.00.01", "E1_Bridge_v01.00.01", "{1DEEEDB3-32C7-48F1-A7A9-9DDE9F7F8313}"
EndProject
Project("{2150E333-8FDC-42A3-9474-1A3956D46DE8}") = "E1_Etiqueta_v01.00.01", "E1_Etiqueta_v01.00.01", "{97EE675A-0BF6-4801-A250-111AB0F4375C}"
EndProject
Project("{2150E333-8FDC-42A3-9474-1A3956D46DE8}") = "E1_Impressora_v01.05.06", "E1_Impressora_v01.05.06", "{FA27BEE5-40D8-44AA-9FC7-7A23ECEB1A60}"
EndProject
Project("{2150E333-8FDC-42A3-9474-1A3956D46DE8}") = "E1_Tef_v01.06.00", "E1_Tef_v01.06.00", "{DB64A446-23BC-4860-94D6-0C06F975DDCA}"
EndProject
Project("{2150E333-8FDC-42A3-9474-1A3956D46DE8}") = "x86", "x86", "{AAC652E3-EA4B-4A1D-93B6-36A615D15BD6}"
	ProjectSection(SolutionItems) = preProject
		Bibliotecas.dll\E1_Bridge_v01.00.01\x86\E1_Bridge01.dll = Bibliotecas.dll\E1_Bridge_v01.00.01\x86\E1_Bridge01.dll
	EndProjectSection
EndProject
Project("{2150E333-8FDC-42A3-9474-1A3956D46DE8}") = "x86", "x86", "{042FBC47-7AE1-46D7-B11D-9A46CBB9D9AC}"
	ProjectSection(SolutionItems) = preProject
		Bibliotecas.dll\E1_Etiqueta_v01.00.01\x86\E1_Etiqueta01.dll = Bibliotecas.dll\E1_Etiqueta_v01.00.01\x86\E1_Etiqueta01.dll
	EndProjectSection
EndProject
Project("{2150E333-8FDC-42A3-9474-1A3956D46DE8}") = "x86", "x86", "{D40C2695-28F0-4293-8EB0-36AC6589E412}"
	ProjectSection(SolutionItems) = preProject
		Bibliotecas.dll\E1_Impressora_v01.05.06\x86\E1_Impressora01.dll = Bibliotecas.dll\E1_Impressora_v01.05.06\x86\E1_Impressora01.dll
	EndProjectSection
EndProject
Project("{2150E333-8FDC-42A3-9474-1A3956D46DE8}") = "x86", "x86", "{974B4874-92F2-4D8A-9D7B-91F10B01E068}"
	ProjectSection(SolutionItems) = preProject
		Bibliotecas.dll\E1_Tef_v01.06.00\x86\E1_Tef01.dll = Bibliotecas.dll\E1_Tef_v01.06.00\x86\E1_Tef01.dll
	EndProjectSection
EndProject
Project("{2150E333-8FDC-42A3-9474-1A3956D46DE8}") = "x64", "x64", "{0B33C47F-2120-4D2E-AD24-F9DC462E7CD1}"
	ProjectSection(SolutionItems) = preProject
		Bibliotecas.dll\E1_Bridge_v01.00.01\x64\E1_Bridge01.dll = Bibliotecas.dll\E1_Bridge_v01.00.01\x64\E1_Bridge01.dll
	EndProjectSection
EndProject
Project("{2150E333-8FDC-42A3-9474-1A3956D46DE8}") = "x64", "x64", "{AB109AA4-0F67-41FE-989C-593FDA16122D}"
	ProjectSection(SolutionItems) = preProject
		Bibliotecas.dll\E1_Etiqueta_v01.00.01\x64\E1_Etiqueta01.dll = Bibliotecas.dll\E1_Etiqueta_v01.00.01\x64\E1_Etiqueta01.dll
	EndProjectSection
EndProject
Project("{2150E333-8FDC-42A3-9474-1A3956D46DE8}") = "x64", "x64", "{A6623389-5C7A-45CA-8335-D018546A737C}"
	ProjectSection(SolutionItems) = preProject
		Bibliotecas.dll\E1_Impressora_v01.05.06\x64\E1_Impressora01.dll = Bibliotecas.dll\E1_Impressora_v01.05.06\x64\E1_Impressora01.dll
	EndProjectSection
EndProject
Project("{2150E333-8FDC-42A3-9474-1A3956D46DE8}") = "x64", "x64", "{198742E8-2372-4F24-AC66-41A56CC442C7}"
	ProjectSection(SolutionItems) = preProject
		Bibliotecas.dll\E1_Tef_v01.06.00\x64\E1_Tef01.dll = Bibliotecas.dll\E1_Tef_v01.06.00\x64\E1_Tef01.dll
	EndProjectSection
EndProject
Project("{2150E333-8FDC-42A3-9474-1A3956D46DE8}") = "SatElgin", "SatElgin", "{8EB767B3-F767-464D-9539-3FB9ECC6EBC8}"
EndProject
Project("{2150E333-8FDC-42A3-9474-1A3956D46DE8}") = "SmartSat", "SmartSat", "{E5182113-0089-4F6C-8B23-C7980CB1EBDD}"
EndProject
Project("{2150E333-8FDC-42A3-9474-1A3956D46DE8}") = "x86", "x86", "{B3D6B023-9297-4877-969B-125F7E268ABE}"
	ProjectSection(SolutionItems) = preProject
		Bibliotecas.dll\SatElgin\SmartSat\x86\dllsat.dll = Bibliotecas.dll\SatElgin\SmartSat\x86\dllsat.dll
		Bibliotecas.dll\SatElgin\SmartSat\x86\zlib.dll = Bibliotecas.dll\SatElgin\SmartSat\x86\zlib.dll
	EndProjectSection
EndProject
Project("{2150E333-8FDC-42A3-9474-1A3956D46DE8}") = "x64", "x64", "{391A346F-B0F3-4C13-ABC5-9800F4B4425C}"
	ProjectSection(SolutionItems) = preProject
		Bibliotecas.dll\SatElgin\SmartSat\x64\dllsat.dll = Bibliotecas.dll\SatElgin\SmartSat\x64\dllsat.dll
		Bibliotecas.dll\SatElgin\SmartSat\x64\dllsat.dll.lib = Bibliotecas.dll\SatElgin\SmartSat\x64\dllsat.dll.lib
	EndProjectSection
EndProject
Project("{2150E333-8FDC-42A3-9474-1A3956D46DE8}") = "10 - Aplicativo Android (apk)", "10 - Aplicativo Android (apk)", "{5A58FB2E-1DA0-4F1F-B297-C2122CC3E8A7}"
	ProjectSection(SolutionItems) = preProject
		..\AplicativoAndroid(apk)\br.com.elgindevelopercommunity.elginm10mauiblazor.apk = ..\AplicativoAndroid(apk)\br.com.elgindevelopercommunity.elginm10mauiblazor.apk
	EndProjectSection
EndProject
Project("{2150E333-8FDC-42A3-9474-1A3956D46DE8}") = "Keystore", "Keystore", "{F319CE37-B399-4609-B639-1F0BB059C010}"
	ProjectSection(SolutionItems) = preProject
		..\AplicativoAndroid(apk)\Keystore\elgin-m10.keystore = ..\AplicativoAndroid(apk)\Keystore\elgin-m10.keystore
		..\AplicativoAndroid(apk)\Keystore\gerar-assinatura.bat = ..\AplicativoAndroid(apk)\Keystore\gerar-assinatura.bat
	EndProjectSection
EndProject
Global
	GlobalSection(SolutionConfigurationPlatforms) = preSolution
		Debug|Any CPU = Debug|Any CPU
		Release|Any CPU = Release|Any CPU
	EndGlobalSection
	GlobalSection(ProjectConfigurationPlatforms) = postSolution
		{D3C7A7BD-24F7-4D18-906E-0FFD2E161E48}.Debug|Any CPU.ActiveCfg = Debug|Any CPU
		{D3C7A7BD-24F7-4D18-906E-0FFD2E161E48}.Debug|Any CPU.Build.0 = Debug|Any CPU
		{D3C7A7BD-24F7-4D18-906E-0FFD2E161E48}.Debug|Any CPU.Deploy.0 = Debug|Any CPU
		{D3C7A7BD-24F7-4D18-906E-0FFD2E161E48}.Release|Any CPU.ActiveCfg = Release|Any CPU
		{D3C7A7BD-24F7-4D18-906E-0FFD2E161E48}.Release|Any CPU.Build.0 = Release|Any CPU
		{D3C7A7BD-24F7-4D18-906E-0FFD2E161E48}.Release|Any CPU.Deploy.0 = Release|Any CPU
		{1A62D071-39DA-4E37-9E7D-404A5E41503B}.Debug|Any CPU.ActiveCfg = Debug|Any CPU
		{1A62D071-39DA-4E37-9E7D-404A5E41503B}.Debug|Any CPU.Build.0 = Debug|Any CPU
		{1A62D071-39DA-4E37-9E7D-404A5E41503B}.Release|Any CPU.ActiveCfg = Release|Any CPU
		{1A62D071-39DA-4E37-9E7D-404A5E41503B}.Release|Any CPU.Build.0 = Release|Any CPU
		{A4625F03-C1BE-439F-AF64-F332B75BD670}.Debug|Any CPU.ActiveCfg = Debug|Any CPU
		{A4625F03-C1BE-439F-AF64-F332B75BD670}.Debug|Any CPU.Build.0 = Debug|Any CPU
		{A4625F03-C1BE-439F-AF64-F332B75BD670}.Release|Any CPU.ActiveCfg = Release|Any CPU
		{A4625F03-C1BE-439F-AF64-F332B75BD670}.Release|Any CPU.Build.0 = Release|Any CPU
		{3529E474-D743-46AF-A1F3-123E58CC0D59}.Debug|Any CPU.ActiveCfg = Debug|Any CPU
		{3529E474-D743-46AF-A1F3-123E58CC0D59}.Debug|Any CPU.Build.0 = Debug|Any CPU
		{3529E474-D743-46AF-A1F3-123E58CC0D59}.Release|Any CPU.ActiveCfg = Release|Any CPU
		{3529E474-D743-46AF-A1F3-123E58CC0D59}.Release|Any CPU.Build.0 = Release|Any CPU
		{9B65FAF6-9BB7-4E3D-B6CB-DB78639627CC}.Debug|Any CPU.ActiveCfg = Debug|Any CPU
		{9B65FAF6-9BB7-4E3D-B6CB-DB78639627CC}.Debug|Any CPU.Build.0 = Debug|Any CPU
		{9B65FAF6-9BB7-4E3D-B6CB-DB78639627CC}.Release|Any CPU.ActiveCfg = Release|Any CPU
		{9B65FAF6-9BB7-4E3D-B6CB-DB78639627CC}.Release|Any CPU.Build.0 = Release|Any CPU
		{532FD95D-E818-4A86-8265-F060036A940E}.Debug|Any CPU.ActiveCfg = Debug|Any CPU
		{532FD95D-E818-4A86-8265-F060036A940E}.Debug|Any CPU.Build.0 = Debug|Any CPU
		{532FD95D-E818-4A86-8265-F060036A940E}.Release|Any CPU.ActiveCfg = Release|Any CPU
		{532FD95D-E818-4A86-8265-F060036A940E}.Release|Any CPU.Build.0 = Release|Any CPU
		{65DC0C25-BBE1-4901-951D-A8C14692F7FE}.Debug|Any CPU.ActiveCfg = Debug|Any CPU
		{65DC0C25-BBE1-4901-951D-A8C14692F7FE}.Debug|Any CPU.Build.0 = Debug|Any CPU
		{65DC0C25-BBE1-4901-951D-A8C14692F7FE}.Release|Any CPU.ActiveCfg = Release|Any CPU
		{65DC0C25-BBE1-4901-951D-A8C14692F7FE}.Release|Any CPU.Build.0 = Release|Any CPU
	EndGlobalSection
	GlobalSection(SolutionProperties) = preSolution
		HideSolutionNode = FALSE
	EndGlobalSection
	GlobalSection(NestedProjects) = preSolution
		{D3C7A7BD-24F7-4D18-906E-0FFD2E161E48} = {24C5B950-910C-430B-B996-6FD7351CFD6A}
		{ABA2C0A7-0817-4D64-89DA-15C6B184FFF9} = {38004CBB-8AAC-45F5-BCFB-C3A0717D3C9B}
		{1A62D071-39DA-4E37-9E7D-404A5E41503B} = {455679FA-C697-41A2-AC0C-1A1C325DC8F4}
		{A4625F03-C1BE-439F-AF64-F332B75BD670} = {455679FA-C697-41A2-AC0C-1A1C325DC8F4}
		{3529E474-D743-46AF-A1F3-123E58CC0D59} = {455679FA-C697-41A2-AC0C-1A1C325DC8F4}
		{9B65FAF6-9BB7-4E3D-B6CB-DB78639627CC} = {455679FA-C697-41A2-AC0C-1A1C325DC8F4}
		{532FD95D-E818-4A86-8265-F060036A940E} = {455679FA-C697-41A2-AC0C-1A1C325DC8F4}
		{65DC0C25-BBE1-4901-951D-A8C14692F7FE} = {455679FA-C697-41A2-AC0C-1A1C325DC8F4}
		{1DEEEDB3-32C7-48F1-A7A9-9DDE9F7F8313} = {124075FF-71C9-4C56-93CD-602A1A3151B2}
		{97EE675A-0BF6-4801-A250-111AB0F4375C} = {124075FF-71C9-4C56-93CD-602A1A3151B2}
		{FA27BEE5-40D8-44AA-9FC7-7A23ECEB1A60} = {124075FF-71C9-4C56-93CD-602A1A3151B2}
		{DB64A446-23BC-4860-94D6-0C06F975DDCA} = {124075FF-71C9-4C56-93CD-602A1A3151B2}
		{AAC652E3-EA4B-4A1D-93B6-36A615D15BD6} = {1DEEEDB3-32C7-48F1-A7A9-9DDE9F7F8313}
		{042FBC47-7AE1-46D7-B11D-9A46CBB9D9AC} = {97EE675A-0BF6-4801-A250-111AB0F4375C}
		{D40C2695-28F0-4293-8EB0-36AC6589E412} = {FA27BEE5-40D8-44AA-9FC7-7A23ECEB1A60}
		{974B4874-92F2-4D8A-9D7B-91F10B01E068} = {DB64A446-23BC-4860-94D6-0C06F975DDCA}
		{0B33C47F-2120-4D2E-AD24-F9DC462E7CD1} = {1DEEEDB3-32C7-48F1-A7A9-9DDE9F7F8313}
		{AB109AA4-0F67-41FE-989C-593FDA16122D} = {97EE675A-0BF6-4801-A250-111AB0F4375C}
		{A6623389-5C7A-45CA-8335-D018546A737C} = {FA27BEE5-40D8-44AA-9FC7-7A23ECEB1A60}
		{198742E8-2372-4F24-AC66-41A56CC442C7} = {DB64A446-23BC-4860-94D6-0C06F975DDCA}
		{8EB767B3-F767-464D-9539-3FB9ECC6EBC8} = {124075FF-71C9-4C56-93CD-602A1A3151B2}
		{E5182113-0089-4F6C-8B23-C7980CB1EBDD} = {8EB767B3-F767-464D-9539-3FB9ECC6EBC8}
		{B3D6B023-9297-4877-969B-125F7E268ABE} = {E5182113-0089-4F6C-8B23-C7980CB1EBDD}
		{391A346F-B0F3-4C13-ABC5-9800F4B4425C} = {E5182113-0089-4F6C-8B23-C7980CB1EBDD}
		{F319CE37-B399-4609-B639-1F0BB059C010} = {5A58FB2E-1DA0-4F1F-B297-C2122CC3E8A7}
	EndGlobalSection
	GlobalSection(ExtensibilityGlobals) = postSolution
		SolutionGuid = {ACA3B52A-D5FA-41A0-AF31-F3097EA26AA4}
	EndGlobalSection
EndGlobal
